// !$*UTF8*$!
{
	archiveVersion = 1;
	classes = {
	};
	objectVersion = 77;
	objects = {

/* Begin PBXBuildFile section */
		848CEF7C2E082FBB00AF1772 /* ddnd-watch-app Watch App.app in Embed Watch Content */ = {isa = PBXBuildFile; fileRef = 848CEF7B2E082FBB00AF1772 /* ddnd-watch-app Watch App.app */; settings = {ATTRIBUTES = (RemoveHeadersOnCopy, ); }; };
/* End PBXBuildFile section */

/* Begin PBXContainerItemProxy section */
		848CEF662E082FBB00AF1772 /* PBXContainerItemProxy */ = {
			isa = PBXContainerItemProxy;
			containerPortal = 848CEF502E082FBA00AF1772 /* Project object */;
			proxyType = 1;
			remoteGlobalIDString = 848CEF572E082FBA00AF1772;
			remoteInfo = "ddnd-watch-app";
		};
		848CEF702E082FBB00AF1772 /* PBXContainerItemProxy */ = {
			isa = PBXContainerItemProxy;
			containerPortal = 848CEF502E082FBA00AF1772 /* Project object */;
			proxyType = 1;
			remoteGlobalIDString = 848CEF572E082FBA00AF1772;
			remoteInfo = "ddnd-watch-app";
		};
		848CEF7D2E082FBB00AF1772 /* PBXContainerItemProxy */ = {
			isa = PBXContainerItemProxy;
			containerPortal = 848CEF502E082FBA00AF1772 /* Project object */;
			proxyType = 1;
			remoteGlobalIDString = 848CEF7A2E082FBB00AF1772;
			remoteInfo = "ddnd-watch-app Watch App";
		};
		848CEF8B2E082FBC00AF1772 /* PBXContainerItemProxy */ = {
			isa = PBXContainerItemProxy;
			containerPortal = 848CEF502E082FBA00AF1772 /* Project object */;
			proxyType = 1;
			remoteGlobalIDString = 848CEF7A2E082FBB00AF1772;
			remoteInfo = "ddnd-watch-app Watch App";
		};
		848CEF952E082FBC00AF1772 /* PBXContainerItemProxy */ = {
			isa = PBXContainerItemProxy;
			containerPortal = 848CEF502E082FBA00AF1772 /* Project object */;
			proxyType = 1;
			remoteGlobalIDString = 848CEF7A2E082FBB00AF1772;
			remoteInfo = "ddnd-watch-app Watch App";
		};
/* End PBXContainerItemProxy section */

/* Begin PBXCopyFilesBuildPhase section */
		848CEFA12E082FBC00AF1772 /* Embed Watch Content */ = {
			isa = PBXCopyFilesBuildPhase;
			buildActionMask = 2147483647;
			dstPath = "$(CONTENTS_FOLDER_PATH)/Watch";
			dstSubfolderSpec = 16;
			files = (
				848CEF7C2E082FBB00AF1772 /* ddnd-watch-app Watch App.app in Embed Watch Content */,
			);
			name = "Embed Watch Content";
			runOnlyForDeploymentPostprocessing = 0;
		};
/* End PBXCopyFilesBuildPhase section */

/* Begin PBXFileReference section */
		848CEF582E082FBA00AF1772 /* ddnd-watch-app.app */ = {isa = PBXFileReference; explicitFileType = wrapper.application; includeInIndex = 0; path = "ddnd-watch-app.app"; sourceTree = BUILT_PRODUCTS_DIR; };
		848CEF652E082FBB00AF1772 /* ddnd-watch-appTests.xctest */ = {isa = PBXFileReference; explicitFileType = wrapper.cfbundle; includeInIndex = 0; path = "ddnd-watch-appTests.xctest"; sourceTree = BUILT_PRODUCTS_DIR; };
		848CEF6F2E082FBB00AF1772 /* ddnd-watch-appUITests.xctest */ = {isa = PBXFileReference; explicitFileType = wrapper.cfbundle; includeInIndex = 0; path = "ddnd-watch-appUITests.xctest"; sourceTree = BUILT_PRODUCTS_DIR; };
		848CEF7B2E082FBB00AF1772 /* ddnd-watch-app Watch App.app */ = {isa = PBXFileReference; explicitFileType = wrapper.application; includeInIndex = 0; path = "ddnd-watch-app Watch App.app"; sourceTree = BUILT_PRODUCTS_DIR; };
		848CEF8A2E082FBC00AF1772 /* ddnd-watch-app Watch AppTests.xctest */ = {isa = PBXFileReference; explicitFileType = wrapper.cfbundle; includeInIndex = 0; path = "ddnd-watch-app Watch AppTests.xctest"; sourceTree = BUILT_PRODUCTS_DIR; };
		848CEF942E082FBC00AF1772 /* ddnd-watch-app Watch AppUITests.xctest */ = {isa = PBXFileReference; explicitFileType = wrapper.cfbundle; includeInIndex = 0; path = "ddnd-watch-app Watch AppUITests.xctest"; sourceTree = BUILT_PRODUCTS_DIR; };
/* End PBXFileReference section */

/* Begin PBXFileSystemSynchronizedRootGroup section */
		848CEF5A2E082FBA00AF1772 /* ddnd-watch-app */ = {
			isa = PBXFileSystemSynchronizedRootGroup;
			path = "ddnd-watch-app";
			sourceTree = "<group>";
		};
		848CEF682E082FBB00AF1772 /* ddnd-watch-appTests */ = {
			isa = PBXFileSystemSynchronizedRootGroup;
			path = "ddnd-watch-appTests";
			sourceTree = "<group>";
		};
		848CEF722E082FBB00AF1772 /* ddnd-watch-appUITests */ = {
			isa = PBXFileSystemSynchronizedRootGroup;
			path = "ddnd-watch-appUITests";
			sourceTree = "<group>";
		};
		848CEF7F2E082FBB00AF1772 /* ddnd-watch-app Watch App */ = {
			isa = PBXFileSystemSynchronizedRootGroup;
			path = "ddnd-watch-app Watch App";
			sourceTree = "<group>";
		};
		848CEF8D2E082FBC00AF1772 /* ddnd-watch-app Watch AppTests */ = {
			isa = PBXFileSystemSynchronizedRootGroup;
			path = "ddnd-watch-app Watch AppTests";
			sourceTree = "<group>";
		};
		848CEF972E082FBC00AF1772 /* ddnd-watch-app Watch AppUITests */ = {
			isa = PBXFileSystemSynchronizedRootGroup;
			path = "ddnd-watch-app Watch AppUITests";
			sourceTree = "<group>";
		};
/* End PBXFileSystemSynchronizedRootGroup section */

/* Begin PBXFrameworksBuildPhase section */
		848CEF552E082FBA00AF1772 /* Frameworks */ = {
			isa = PBXFrameworksBuildPhase;
			buildActionMask = 2147483647;
			files = (
			);
			runOnlyForDeploymentPostprocessing = 0;
		};
		848CEF622E082FBB00AF1772 /* Frameworks */ = {
			isa = PBXFrameworksBuildPhase;
			buildActionMask = 2147483647;
			files = (
			);
			runOnlyForDeploymentPostprocessing = 0;
		};
		848CEF6C2E082FBB00AF1772 /* Frameworks */ = {
			isa = PBXFrameworksBuildPhase;
			buildActionMask = 2147483647;
			files = (
			);
			runOnlyForDeploymentPostprocessing = 0;
		};
		848CEF782E082FBB00AF1772 /* Frameworks */ = {
			isa = PBXFrameworksBuildPhase;
			buildActionMask = 2147483647;
			files = (
			);
			runOnlyForDeploymentPostprocessing = 0;
		};
		848CEF872E082FBC00AF1772 /* Frameworks */ = {
			isa = PBXFrameworksBuildPhase;
			buildActionMask = 2147483647;
			files = (
			);
			runOnlyForDeploymentPostprocessing = 0;
		};
		848CEF912E082FBC00AF1772 /* Frameworks */ = {
			isa = PBXFrameworksBuildPhase;
			buildActionMask = 2147483647;
			files = (
			);
			runOnlyForDeploymentPostprocessing = 0;
		};
/* End PBXFrameworksBuildPhase section */

/* Begin PBXGroup section */
		848CEF4F2E082FBA00AF1772 = {
			isa = PBXGroup;
			children = (
				848CEF5A2E082FBA00AF1772 /* ddnd-watch-app */,
				848CEF682E082FBB00AF1772 /* ddnd-watch-appTests */,
				848CEF722E082FBB00AF1772 /* ddnd-watch-appUITests */,
				848CEF7F2E082FBB00AF1772 /* ddnd-watch-app Watch App */,
				848CEF8D2E082FBC00AF1772 /* ddnd-watch-app Watch AppTests */,
				848CEF972E082FBC00AF1772 /* ddnd-watch-app Watch AppUITests */,
				848CEF592E082FBA00AF1772 /* Products */,
			);
			sourceTree = "<group>";
		};
		848CEF592E082FBA00AF1772 /* Products */ = {
			isa = PBXGroup;
			children = (
				848CEF582E082FBA00AF1772 /* ddnd-watch-app.app */,
				848CEF652E082FBB00AF1772 /* ddnd-watch-appTests.xctest */,
				848CEF6F2E082FBB00AF1772 /* ddnd-watch-appUITests.xctest */,
				848CEF7B2E082FBB00AF1772 /* ddnd-watch-app Watch App.app */,
				848CEF8A2E082FBC00AF1772 /* ddnd-watch-app Watch AppTests.xctest */,
				848CEF942E082FBC00AF1772 /* ddnd-watch-app Watch AppUITests.xctest */,
			);
			name = Products;
			sourceTree = "<group>";
		};
/* End PBXGroup section */

/* Begin PBXNativeTarget section */
		848CEF572E082FBA00AF1772 /* ddnd-watch-app */ = {
			isa = PBXNativeTarget;
			buildConfigurationList = 848CEFA22E082FBC00AF1772 /* Build configuration list for PBXNativeTarget "ddnd-watch-app" */;
			buildPhases = (
				848CEF542E082FBA00AF1772 /* Sources */,
				848CEF552E082FBA00AF1772 /* Frameworks */,
				848CEF562E082FBA00AF1772 /* Resources */,
				848CEFA12E082FBC00AF1772 /* Embed Watch Content */,
			);
			buildRules = (
			);
			dependencies = (
				848CEF7E2E082FBB00AF1772 /* PBXTargetDependency */,
			);
			fileSystemSynchronizedGroups = (
				848CEF5A2E082FBA00AF1772 /* ddnd-watch-app */,
			);
			name = "ddnd-watch-app";
			packageProductDependencies = (
			);
			productName = "ddnd-watch-app";
			productReference = 848CEF582E082FBA00AF1772 /* ddnd-watch-app.app */;
			productType = "com.apple.product-type.application";
		};
		848CEF642E082FBB00AF1772 /* ddnd-watch-appTests */ = {
			isa = PBXNativeTarget;
			buildConfigurationList = 848CEFA52E082FBC00AF1772 /* Build configuration list for PBXNativeTarget "ddnd-watch-appTests" */;
			buildPhases = (
				848CEF612E082FBB00AF1772 /* Sources */,
				848CEF622E082FBB00AF1772 /* Frameworks */,
				848CEF632E082FBB00AF1772 /* Resources */,
			);
			buildRules = (
			);
			dependencies = (
				848CEF672E082FBB00AF1772 /* PBXTargetDependency */,
			);
			fileSystemSynchronizedGroups = (
				848CEF682E082FBB00AF1772 /* ddnd-watch-appTests */,
			);
			name = "ddnd-watch-appTests";
			packageProductDependencies = (
			);
			productName = "ddnd-watch-appTests";
			productReference = 848CEF652E082FBB00AF1772 /* ddnd-watch-appTests.xctest */;
			productType = "com.apple.product-type.bundle.unit-test";
		};
		848CEF6E2E082FBB00AF1772 /* ddnd-watch-appUITests */ = {
			isa = PBXNativeTarget;
			buildConfigurationList = 848CEFA82E082FBC00AF1772 /* Build configuration list for PBXNativeTarget "ddnd-watch-appUITests" */;
			buildPhases = (
				848CEF6B2E082FBB00AF1772 /* Sources */,
				848CEF6C2E082FBB00AF1772 /* Frameworks */,
				848CEF6D2E082FBB00AF1772 /* Resources */,
			);
			buildRules = (
			);
			dependencies = (
				848CEF712E082FBB00AF1772 /* PBXTargetDependency */,
			);
			fileSystemSynchronizedGroups = (
				848CEF722E082FBB00AF1772 /* ddnd-watch-appUITests */,
			);
			name = "ddnd-watch-appUITests";
			packageProductDependencies = (
			);
			productName = "ddnd-watch-appUITests";
			productReference = 848CEF6F2E082FBB00AF1772 /* ddnd-watch-appUITests.xctest */;
			productType = "com.apple.product-type.bundle.ui-testing";
		};
		848CEF7A2E082FBB00AF1772 /* ddnd-watch-app Watch App */ = {
			isa = PBXNativeTarget;
			buildConfigurationList = 848CEF9E2E082FBC00AF1772 /* Build configuration list for PBXNativeTarget "ddnd-watch-app Watch App" */;
			buildPhases = (
				848CEF772E082FBB00AF1772 /* Sources */,
				848CEF782E082FBB00AF1772 /* Frameworks */,
				848CEF792E082FBB00AF1772 /* Resources */,
			);
			buildRules = (
			);
			dependencies = (
			);
			fileSystemSynchronizedGroups = (
				848CEF7F2E082FBB00AF1772 /* ddnd-watch-app Watch App */,
			);
			name = "ddnd-watch-app Watch App";
			packageProductDependencies = (
			);
			productName = "ddnd-watch-app Watch App";
			productReference = 848CEF7B2E082FBB00AF1772 /* ddnd-watch-app Watch App.app */;
			productType = "com.apple.product-type.application";
		};
		848CEF892E082FBC00AF1772 /* ddnd-watch-app Watch AppTests */ = {
			isa = PBXNativeTarget;
			buildConfigurationList = 848CEFAB2E082FBC00AF1772 /* Build configuration list for PBXNativeTarget "ddnd-watch-app Watch AppTests" */;
			buildPhases = (
				848CEF862E082FBC00AF1772 /* Sources */,
				848CEF872E082FBC00AF1772 /* Frameworks */,
				848CEF882E082FBC00AF1772 /* Resources */,
			);
			buildRules = (
			);
			dependencies = (
				848CEF8C2E082FBC00AF1772 /* PBXTargetDependency */,
			);
			fileSystemSynchronizedGroups = (
				848CEF8D2E082FBC00AF1772 /* ddnd-watch-app Watch AppTests */,
			);
			name = "ddnd-watch-app Watch AppTests";
			packageProductDependencies = (
			);
			productName = "ddnd-watch-app Watch AppTests";
			productReference = 848CEF8A2E082FBC00AF1772 /* ddnd-watch-app Watch AppTests.xctest */;
			productType = "com.apple.product-type.bundle.unit-test";
		};
		848CEF932E082FBC00AF1772 /* ddnd-watch-app Watch AppUITests */ = {
			isa = PBXNativeTarget;
			buildConfigurationList = 848CEFAE2E082FBC00AF1772 /* Build configuration list for PBXNativeTarget "ddnd-watch-app Watch AppUITests" */;
			buildPhases = (
				848CEF902E082FBC00AF1772 /* Sources */,
				848CEF912E082FBC00AF1772 /* Frameworks */,
				848CEF922E082FBC00AF1772 /* Resources */,
			);
			buildRules = (
			);
			dependencies = (
				848CEF962E082FBC00AF1772 /* PBXTargetDependency */,
			);
			fileSystemSynchronizedGroups = (
				848CEF972E082FBC00AF1772 /* ddnd-watch-app Watch AppUITests */,
			);
			name = "ddnd-watch-app Watch AppUITests";
			packageProductDependencies = (
			);
			productName = "ddnd-watch-app Watch AppUITests";
			productReference = 848CEF942E082FBC00AF1772 /* ddnd-watch-app Watch AppUITests.xctest */;
			productType = "com.apple.product-type.bundle.ui-testing";
		};
/* End PBXNativeTarget section */

/* Begin PBXProject section */
		848CEF502E082FBA00AF1772 /* Project object */ = {
			isa = PBXProject;
			attributes = {
				BuildIndependentTargetsInParallel = 1;
				LastSwiftUpdateCheck = 1630;
				LastUpgradeCheck = 1630;
				TargetAttributes = {
					848CEF572E082FBA00AF1772 = {
						CreatedOnToolsVersion = 16.3;
					};
					848CEF642E082FBB00AF1772 = {
						CreatedOnToolsVersion = 16.3;
						TestTargetID = 848CEF572E082FBA00AF1772;
					};
					848CEF6E2E082FBB00AF1772 = {
						CreatedOnToolsVersion = 16.3;
						TestTargetID = 848CEF572E082FBA00AF1772;
					};
					848CEF7A2E082FBB00AF1772 = {
						CreatedOnToolsVersion = 16.3;
					};
					848CEF892E082FBC00AF1772 = {
						CreatedOnToolsVersion = 16.3;
						TestTargetID = 848CEF7A2E082FBB00AF1772;
					};
					848CEF932E082FBC00AF1772 = {
						CreatedOnToolsVersion = 16.3;
						TestTargetID = 848CEF7A2E082FBB00AF1772;
					};
				};
			};
			buildConfigurationList = 848CEF532E082FBA00AF1772 /* Build configuration list for PBXProject "ddnd-watch-app" */;
			developmentRegion = en;
			hasScannedForEncodings = 0;
			knownRegions = (
				en,
				Base,
			);
			mainGroup = 848CEF4F2E082FBA00AF1772;
			minimizedProjectReferenceProxies = 1;
			preferredProjectObjectVersion = 77;
			productRefGroup = 848CEF592E082FBA00AF1772 /* Products */;
			projectDirPath = "";
			projectRoot = "";
			targets = (
				848CEF572E082FBA00AF1772 /* ddnd-watch-app */,
				848CEF642E082FBB00AF1772 /* ddnd-watch-appTests */,
				848CEF6E2E082FBB00AF1772 /* ddnd-watch-appUITests */,
				848CEF7A2E082FBB00AF1772 /* ddnd-watch-app Watch App */,
				848CEF892E082FBC00AF1772 /* ddnd-watch-app Watch AppTests */,
				848CEF932E082FBC00AF1772 /* ddnd-watch-app Watch AppUITests */,
			);
		};
/* End PBXProject section */

/* Begin PBXResourcesBuildPhase section */
		848CEF562E082FBA00AF1772 /* Resources */ = {
			isa = PBXResourcesBuildPhase;
			buildActionMask = 2147483647;
			files = (
			);
			runOnlyForDeploymentPostprocessing = 0;
		};
		848CEF632E082FBB00AF1772 /* Resources */ = {
			isa = PBXResourcesBuildPhase;
			buildActionMask = 2147483647;
			files = (
			);
			runOnlyForDeploymentPostprocessing = 0;
		};
		848CEF6D2E082FBB00AF1772 /* Resources */ = {
			isa = PBXResourcesBuildPhase;
			buildActionMask = 2147483647;
			files = (
			);
			runOnlyForDeploymentPostprocessing = 0;
		};
		848CEF792E082FBB00AF1772 /* Resources */ = {
			isa = PBXResourcesBuildPhase;
			buildActionMask = 2147483647;
			files = (
			);
			runOnlyForDeploymentPostprocessing = 0;
		};
		848CEF882E082FBC00AF1772 /* Resources */ = {
			isa = PBXResourcesBuildPhase;
			buildActionMask = 2147483647;
			files = (
			);
			runOnlyForDeploymentPostprocessing = 0;
		};
		848CEF922E082FBC00AF1772 /* Resources */ = {
			isa = PBXResourcesBuildPhase;
			buildActionMask = 2147483647;
			files = (
			);
			runOnlyForDeploymentPostprocessing = 0;
		};
/* End PBXResourcesBuildPhase section */

/* Begin PBXSourcesBuildPhase section */
		848CEF542E082FBA00AF1772 /* Sources */ = {
			isa = PBXSourcesBuildPhase;
			buildActionMask = 2147483647;
			files = (
			);
			runOnlyForDeploymentPostprocessing = 0;
		};
		848CEF612E082FBB00AF1772 /* Sources */ = {
			isa = PBXSourcesBuildPhase;
			buildActionMask = 2147483647;
			files = (
			);
			runOnlyForDeploymentPostprocessing = 0;
		};
		848CEF6B2E082FBB00AF1772 /* Sources */ = {
			isa = PBXSourcesBuildPhase;
			buildActionMask = 2147483647;
			files = (
			);
			runOnlyForDeploymentPostprocessing = 0;
		};
		848CEF772E082FBB00AF1772 /* Sources */ = {
			isa = PBXSourcesBuildPhase;
			buildActionMask = 2147483647;
			files = (
			);
			runOnlyForDeploymentPostprocessing = 0;
		};
		848CEF862E082FBC00AF1772 /* Sources */ = {
			isa = PBXSourcesBuildPhase;
			buildActionMask = 2147483647;
			files = (
			);
			runOnlyForDeploymentPostprocessing = 0;
		};
		848CEF902E082FBC00AF1772 /* Sources */ = {
			isa = PBXSourcesBuildPhase;
			buildActionMask = 2147483647;
			files = (
			);
			runOnlyForDeploymentPostprocessing = 0;
		};
/* End PBXSourcesBuildPhase section */

/* Begin PBXTargetDependency section */
		848CEF672E082FBB00AF1772 /* PBXTargetDependency */ = {
			isa = PBXTargetDependency;
			target = 848CEF572E082FBA00AF1772 /* ddnd-watch-app */;
			targetProxy = 848CEF662E082FBB00AF1772 /* PBXContainerItemProxy */;
		};
		848CEF712E082FBB00AF1772 /* PBXTargetDependency */ = {
			isa = PBXTargetDependency;
			target = 848CEF572E082FBA00AF1772 /* ddnd-watch-app */;
			targetProxy = 848CEF702E082FBB00AF1772 /* PBXContainerItemProxy */;
		};
		848CEF7E2E082FBB00AF1772 /* PBXTargetDependency */ = {
			isa = PBXTargetDependency;
			target = 848CEF7A2E082FBB00AF1772 /* ddnd-watch-app Watch App */;
			targetProxy = 848CEF7D2E082FBB00AF1772 /* PBXContainerItemProxy */;
		};
		848CEF8C2E082FBC00AF1772 /* PBXTargetDependency */ = {
			isa = PBXTargetDependency;
			target = 848CEF7A2E082FBB00AF1772 /* ddnd-watch-app Watch App */;
			targetProxy = 848CEF8B2E082FBC00AF1772 /* PBXContainerItemProxy */;
		};
		848CEF962E082FBC00AF1772 /* PBXTargetDependency */ = {
			isa = PBXTargetDependency;
			target = 848CEF7A2E082FBB00AF1772 /* ddnd-watch-app Watch App */;
			targetProxy = 848CEF952E082FBC00AF1772 /* PBXContainerItemProxy */;
		};
/* End PBXTargetDependency section */

/* Begin XCBuildConfiguration section */
		848CEF9C2E082FBC00AF1772 /* Debug */ = {
			isa = XCBuildConfiguration;
			buildSettings = {
				ALWAYS_SEARCH_USER_PATHS = NO;
				ASSETCATALOG_COMPILER_GENERATE_SWIFT_ASSET_SYMBOL_EXTENSIONS = YES;
				CLANG_ANALYZER_NONNULL = YES;
				CLANG_ANALYZER_NUMBER_OBJECT_CONVERSION = YES_AGGRESSIVE;
				CLANG_CXX_LANGUAGE_STANDARD = "gnu++20";
				CLANG_ENABLE_MODULES = YES;
				CLANG_ENABLE_OBJC_ARC = YES;
				CLANG_ENABLE_OBJC_WEAK = YES;
				CLANG_WARN_BLOCK_CAPTURE_AUTORELEASING = YES;
				CLANG_WARN_BOOL_CONVERSION = YES;
				CLANG_WARN_COMMA = YES;
				CLANG_WARN_CONSTANT_CONVERSION = YES;
				CLANG_WARN_DEPRECATED_OBJC_IMPLEMENTATIONS = YES;
				CLANG_WARN_DIRECT_OBJC_ISA_USAGE = YES_ERROR;
				CLANG_WARN_DOCUMENTATION_COMMENTS = YES;
				CLANG_WARN_EMPTY_BODY = YES;
				CLANG_WARN_ENUM_CONVERSION = YES;
				CLANG_WARN_INFINITE_RECURSION = YES;
				CLANG_WARN_INT_CONVERSION = YES;
				CLANG_WARN_NON_LITERAL_NULL_CONVERSION = YES;
				CLANG_WARN_OBJC_IMPLICIT_RETAIN_SELF = YES;
				CLANG_WARN_OBJC_LITERAL_CONVERSION = YES;
				CLANG_WARN_OBJC_ROOT_CLASS = YES_ERROR;
				CLANG_WARN_QUOTED_INCLUDE_IN_FRAMEWORK_HEADER = YES;
				CLANG_WARN_RANGE_LOOP_ANALYSIS = YES;
				CLANG_WARN_STRICT_PROTOTYPES = YES;
				CLANG_WARN_SUSPICIOUS_MOVE = YES;
				CLANG_WARN_UNGUARDED_AVAILABILITY = YES_AGGRESSIVE;
				CLANG_WARN_UNREACHABLE_CODE = YES;
				CLANG_WARN__DUPLICATE_METHOD_MATCH = YES;
				COPY_PHASE_STRIP = NO;
				DEBUG_INFORMATION_FORMAT = dwarf;
				DEVELOPMENT_TEAM = 5H69A3H78X;
				ENABLE_STRICT_OBJC_MSGSEND = YES;
				ENABLE_TESTABILITY = YES;
				ENABLE_USER_SCRIPT_SANDBOXING = YES;
				GCC_C_LANGUAGE_STANDARD = gnu17;
				GCC_DYNAMIC_NO_PIC = NO;
				GCC_NO_COMMON_BLOCKS = YES;
				GCC_OPTIMIZATION_LEVEL = 0;
				GCC_PREPROCESSOR_DEFINITIONS = (
					"DEBUG=1",
					"$(inherited)",
				);
				GCC_WARN_64_TO_32_BIT_CONVERSION = YES;
				GCC_WARN_ABOUT_RETURN_TYPE = YES_ERROR;
				GCC_WARN_UNDECLARED_SELECTOR = YES;
				GCC_WARN_UNINITIALIZED_AUTOS = YES_AGGRESSIVE;
				GCC_WARN_UNUSED_FUNCTION = YES;
				GCC_WARN_UNUSED_VARIABLE = YES;
				LOCALIZATION_PREFERS_STRING_CATALOGS = YES;
				MTL_ENABLE_DEBUG_INFO = INCLUDE_SOURCE;
				MTL_FAST_MATH = YES;
				ONLY_ACTIVE_ARCH = YES;
				SWIFT_ACTIVE_COMPILATION_CONDITIONS = "DEBUG $(inherited)";
				SWIFT_OPTIMIZATION_LEVEL = "-Onone";
			};
			name = Debug;
		};
		848CEF9D2E082FBC00AF1772 /* Release */ = {
			isa = XCBuildConfiguration;
			buildSettings = {
				ALWAYS_SEARCH_USER_PATHS = NO;
				ASSETCATALOG_COMPILER_GENERATE_SWIFT_ASSET_SYMBOL_EXTENSIONS = YES;
				CLANG_ANALYZER_NONNULL = YES;
				CLANG_ANALYZER_NUMBER_OBJECT_CONVERSION = YES_AGGRESSIVE;
				CLANG_CXX_LANGUAGE_STANDARD = "gnu++20";
				CLANG_ENABLE_MODULES = YES;
				CLANG_ENABLE_OBJC_ARC = YES;
				CLANG_ENABLE_OBJC_WEAK = YES;
				CLANG_WARN_BLOCK_CAPTURE_AUTORELEASING = YES;
				CLANG_WARN_BOOL_CONVERSION = YES;
				CLANG_WARN_COMMA = YES;
				CLANG_WARN_CONSTANT_CONVERSION = YES;
				CLANG_WARN_DEPRECATED_OBJC_IMPLEMENTATIONS = YES;
				CLANG_WARN_DIRECT_OBJC_ISA_USAGE = YES_ERROR;
				CLANG_WARN_DOCUMENTATION_COMMENTS = YES;
				CLANG_WARN_EMPTY_BODY = YES;
				CLANG_WARN_ENUM_CONVERSION = YES;
				CLANG_WARN_INFINITE_RECURSION = YES;
				CLANG_WARN_INT_CONVERSION = YES;
				CLANG_WARN_NON_LITERAL_NULL_CONVERSION = YES;
				CLANG_WARN_OBJC_IMPLICIT_RETAIN_SELF = YES;
				CLANG_WARN_OBJC_LITERAL_CONVERSION = YES;
				CLANG_WARN_OBJC_ROOT_CLASS = YES_ERROR;
				CLANG_WARN_QUOTED_INCLUDE_IN_FRAMEWORK_HEADER = YES;
				CLANG_WARN_RANGE_LOOP_ANALYSIS = YES;
				CLANG_WARN_STRICT_PROTOTYPES = YES;
				CLANG_WARN_SUSPICIOUS_MOVE = YES;
				CLANG_WARN_UNGUARDED_AVAILABILITY = YES_AGGRESSIVE;
				CLANG_WARN_UNREACHABLE_CODE = YES;
				CLANG_WARN__DUPLICATE_METHOD_MATCH = YES;
				COPY_PHASE_STRIP = NO;
				DEBUG_INFORMATION_FORMAT = "dwarf-with-dsym";
				DEVELOPMENT_TEAM = 5H69A3H78X;
				ENABLE_NS_ASSERTIONS = NO;
				ENABLE_STRICT_OBJC_MSGSEND = YES;
				ENABLE_USER_SCRIPT_SANDBOXING = YES;
				GCC_C_LANGUAGE_STANDARD = gnu17;
				GCC_NO_COMMON_BLOCKS = YES;
				GCC_WARN_64_TO_32_BIT_CONVERSION = YES;
				GCC_WARN_ABOUT_RETURN_TYPE = YES_ERROR;
				GCC_WARN_UNDECLARED_SELECTOR = YES;
				GCC_WARN_UNINITIALIZED_AUTOS = YES_AGGRESSIVE;
				GCC_WARN_UNUSED_FUNCTION = YES;
				GCC_WARN_UNUSED_VARIABLE = YES;
				LOCALIZATION_PREFERS_STRING_CATALOGS = YES;
				MTL_ENABLE_DEBUG_INFO = NO;
				MTL_FAST_MATH = YES;
				SWIFT_COMPILATION_MODE = wholemodule;
			};
			name = Release;
		};
		848CEF9F2E082FBC00AF1772 /* Debug */ = {
			isa = XCBuildConfiguration;
			buildSettings = {
				ASSETCATALOG_COMPILER_APPICON_NAME = AppIcon;
				ASSETCATALOG_COMPILER_GLOBAL_ACCENT_COLOR_NAME = AccentColor;
				ASSETCATALOG_COMPILER_INCLUDE_ALL_APPICON_ASSETS = YES;
				CODE_SIGN_ENTITLEMENTS = "ddnd-watch-app Watch App/ddnd-watch-app Watch App.entitlements";
				CODE_SIGN_STYLE = Automatic;
				CURRENT_PROJECT_VERSION = 1;
				DEVELOPMENT_TEAM = 5H69A3H78X;
				ENABLE_PREVIEWS = YES;
				GENERATE_INFOPLIST_FILE = YES;
				INFOPLIST_FILE = "ddnd-watch-app-Watch-App-Info.plist";
				INFOPLIST_KEY_CFBundleDisplayName = "ddnd-watch-app";
				INFOPLIST_KEY_NSHealthShareUsageDescription = "We need heart rate data to detect driving risk.";
				INFOPLIST_KEY_NSHealthUpdateUsageDescription = "We need heart rate data to detect driving risk.";
				INFOPLIST_KEY_NSLocationWhenInUseUsageDescription = "We need your location to detect if you are driving.";
				INFOPLIST_KEY_UISupportedInterfaceOrientations = "UIInterfaceOrientationPortrait UIInterfaceOrientationPortraitUpsideDown";
				INFOPLIST_KEY_WKCompanionAppBundleIdentifier = "cmtelematics.com.ddnd-watch-app";
				INFOPLIST_KEY_WKRunsIndependentlyOfCompanionApp = YES;
				LD_RUNPATH_SEARCH_PATHS = (
					"$(inherited)",
					"@executable_path/Frameworks",
				);
				MARKETING_VERSION = 1.0;
				PRODUCT_BUNDLE_IDENTIFIER = "cmtelematics.com.ddnd-watch-app.watchkitapp";
				PRODUCT_NAME = "$(TARGET_NAME)";
				SDKROOT = watchos;
				SKIP_INSTALL = YES;
				SWIFT_EMIT_LOC_STRINGS = YES;
				SWIFT_VERSION = 5.0;
				TARGETED_DEVICE_FAMILY = 4;
				WATCHOS_DEPLOYMENT_TARGET = 11.0;
			};
			name = Debug;
		};
		848CEFA02E082FBC00AF1772 /* Release */ = {
			isa = XCBuildConfiguration;
			buildSettings = {
				ASSETCATALOG_COMPILER_APPICON_NAME = AppIcon;
				ASSETCATALOG_COMPILER_GLOBAL_ACCENT_COLOR_NAME = AccentColor;
				ASSETCATALOG_COMPILER_INCLUDE_ALL_APPICON_ASSETS = YES;
				CODE_SIGN_ENTITLEMENTS = "ddnd-watch-app Watch App/ddnd-watch-app Watch App.entitlements";
				CODE_SIGN_STYLE = Automatic;
				CURRENT_PROJECT_VERSION = 1;
				DEVELOPMENT_TEAM = 5H69A3H78X;
				ENABLE_PREVIEWS = YES;
				GENERATE_INFOPLIST_FILE = YES;
				INFOPLIST_FILE = "ddnd-watch-app-Watch-App-Info.plist";
				INFOPLIST_KEY_CFBundleDisplayName = "ddnd-watch-app";
				INFOPLIST_KEY_NSHealthShareUsageDescription = "We need heart rate data to detect driving risk.";
				INFOPLIST_KEY_NSHealthUpdateUsageDescription = "We need heart rate data to detect driving risk.";
				INFOPLIST_KEY_NSLocationWhenInUseUsageDescription = "We need your location to detect if you are driving.";
				INFOPLIST_KEY_UISupportedInterfaceOrientations = "UIInterfaceOrientationPortrait UIInterfaceOrientationPortraitUpsideDown";
				INFOPLIST_KEY_WKCompanionAppBundleIdentifier = "cmtelematics.com.ddnd-watch-app";
				INFOPLIST_KEY_WKRunsIndependentlyOfCompanionApp = YES;
				LD_RUNPATH_SEARCH_PATHS = (
					"$(inherited)",
					"@executable_path/Frameworks",
				);
				MARKETING_VERSION = 1.0;
				PRODUCT_BUNDLE_IDENTIFIER = "cmtelematics.com.ddnd-watch-app.watchkitapp";
				PRODUCT_NAME = "$(TARGET_NAME)";
				SDKROOT = watchos;
				SKIP_INSTALL = YES;
				SWIFT_EMIT_LOC_STRINGS = YES;
				SWIFT_VERSION = 5.0;
				TARGETED_DEVICE_FAMILY = 4;
				VALIDATE_PRODUCT = YES;
				WATCHOS_DEPLOYMENT_TARGET = 11.0;
			};
			name = Release;
		};
		848CEFA32E082FBC00AF1772 /* Debug */ = {
			isa = XCBuildConfiguration;
			buildSettings = {
				ASSETCATALOG_COMPILER_APPICON_NAME = AppIcon;
				ASSETCATALOG_COMPILER_GLOBAL_ACCENT_COLOR_NAME = AccentColor;
				CODE_SIGN_STYLE = Automatic;
				CURRENT_PROJECT_VERSION = 1;
				DEVELOPMENT_TEAM = 5H69A3H78X;
				ENABLE_PREVIEWS = YES;
				GENERATE_INFOPLIST_FILE = YES;
				INFOPLIST_KEY_CFBundleDisplayName = "ddnd-watch-app";
				INFOPLIST_KEY_UIApplicationSceneManifest_Generation = YES;
				INFOPLIST_KEY_UIApplicationSupportsIndirectInputEvents = YES;
				INFOPLIST_KEY_UILaunchScreen_Generation = YES;
				INFOPLIST_KEY_UISupportedInterfaceOrientations_iPad = "UIInterfaceOrientationPortrait UIInterfaceOrientationPortraitUpsideDown UIInterfaceOrientationLandscapeLeft UIInterfaceOrientationLandscapeRight";
				INFOPLIST_KEY_UISupportedInterfaceOrientations_iPhone = "UIInterfaceOrientationPortrait UIInterfaceOrientationLandscapeLeft UIInterfaceOrientationLandscapeRight";
				IPHONEOS_DEPLOYMENT_TARGET = 18.4;
				LD_RUNPATH_SEARCH_PATHS = (
					"$(inherited)",
					"@executable_path/Frameworks",
				);
				MARKETING_VERSION = 1.0;
				PRODUCT_BUNDLE_IDENTIFIER = "cmtelematics.com.ddnd-watch-app";
				PRODUCT_NAME = "$(TARGET_NAME)";
				SDKROOT = iphoneos;
				SWIFT_EMIT_LOC_STRINGS = YES;
				SWIFT_VERSION = 5.0;
				TARGETED_DEVICE_FAMILY = "1,2";
			};
			name = Debug;
		};
		848CEFA42E082FBC00AF1772 /* Release */ = {
			isa = XCBuildConfiguration;
			buildSettings = {
				ASSETCATALOG_COMPILER_APPICON_NAME = AppIcon;
				ASSETCATALOG_COMPILER_GLOBAL_ACCENT_COLOR_NAME = AccentColor;
				CODE_SIGN_STYLE = Automatic;
				CURRENT_PROJECT_VERSION = 1;
				DEVELOPMENT_TEAM = 5H69A3H78X;
				ENABLE_PREVIEWS = YES;
				GENERATE_INFOPLIST_FILE = YES;
				INFOPLIST_KEY_CFBundleDisplayName = "ddnd-watch-app";
				INFOPLIST_KEY_UIApplicationSceneManifest_Generation = YES;
				INFOPLIST_KEY_UIApplicationSupportsIndirectInputEvents = YES;
				INFOPLIST_KEY_UILaunchScreen_Generation = YES;
				INFOPLIST_KEY_UISupportedInterfaceOrientations_iPad = "UIInterfaceOrientationPortrait UIInterfaceOrientationPortraitUpsideDown UIInterfaceOrientationLandscapeLeft UIInterfaceOrientationLandscapeRight";
				INFOPLIST_KEY_UISupportedInterfaceOrientations_iPhone = "UIInterfaceOrientationPortrait UIInterfaceOrientationLandscapeLeft UIInterfaceOrientationLandscapeRight";
				IPHONEOS_DEPLOYMENT_TARGET = 18.4;
				LD_RUNPATH_SEARCH_PATHS = (
					"$(inherited)",
					"@executable_path/Frameworks",
				);
				MARKETING_VERSION = 1.0;
				PRODUCT_BUNDLE_IDENTIFIER = "cmtelematics.com.ddnd-watch-app";
				PRODUCT_NAME = "$(TARGET_NAME)";
				SDKROOT = iphoneos;
				SWIFT_EMIT_LOC_STRINGS = YES;
				SWIFT_VERSION = 5.0;
				TARGETED_DEVICE_FAMILY = "1,2";
				VALIDATE_PRODUCT = YES;
			};
			name = Release;
		};
		848CEFA62E082FBC00AF1772 /* Debug */ = {
			isa = XCBuildConfiguration;
			buildSettings = {
				BUNDLE_LOADER = "$(TEST_HOST)";
				CODE_SIGN_STYLE = Automatic;
				CURRENT_PROJECT_VERSION = 1;
				DEVELOPMENT_TEAM = 5H69A3H78X;
				GENERATE_INFOPLIST_FILE = YES;
				IPHONEOS_DEPLOYMENT_TARGET = 18.4;
				MARKETING_VERSION = 1.0;
				PRODUCT_BUNDLE_IDENTIFIER = "cmtelematics.com.ddnd-watch-appTests";
				PRODUCT_NAME = "$(TARGET_NAME)";
				SDKROOT = iphoneos;
				SWIFT_EMIT_LOC_STRINGS = NO;
				SWIFT_VERSION = 5.0;
				TARGETED_DEVICE_FAMILY = "1,2";
				TEST_HOST = "$(BUILT_PRODUCTS_DIR)/ddnd-watch-app.app/$(BUNDLE_EXECUTABLE_FOLDER_PATH)/ddnd-watch-app";
			};
			name = Debug;
		};
		848CEFA72E082FBC00AF1772 /* Release */ = {
			isa = XCBuildConfiguration;
			buildSettings = {
				BUNDLE_LOADER = "$(TEST_HOST)";
				CODE_SIGN_STYLE = Automatic;
				CURRENT_PROJECT_VERSION = 1;
				DEVELOPMENT_TEAM = 5H69A3H78X;
				GENERATE_INFOPLIST_FILE = YES;
				IPHONEOS_DEPLOYMENT_TARGET = 18.4;
				MARKETING_VERSION = 1.0;
				PRODUCT_BUNDLE_IDENTIFIER = "cmtelematics.com.ddnd-watch-appTests";
				PRODUCT_NAME = "$(TARGET_NAME)";
				SDKROOT = iphoneos;
				SWIFT_EMIT_LOC_STRINGS = NO;
				SWIFT_VERSION = 5.0;
				TARGETED_DEVICE_FAMILY = "1,2";
				TEST_HOST = "$(BUILT_PRODUCTS_DIR)/ddnd-watch-app.app/$(BUNDLE_EXECUTABLE_FOLDER_PATH)/ddnd-watch-app";
				VALIDATE_PRODUCT = YES;
			};
			name = Release;
		};
		848CEFA92E082FBC00AF1772 /* Debug */ = {
			isa = XCBuildConfiguration;
			buildSettings = {
				CODE_SIGN_STYLE = Automatic;
				CURRENT_PROJECT_VERSION = 1;
				DEVELOPMENT_TEAM = 5H69A3H78X;
				GENERATE_INFOPLIST_FILE = YES;
				IPHONEOS_DEPLOYMENT_TARGET = 18.4;
				MARKETING_VERSION = 1.0;
				PRODUCT_BUNDLE_IDENTIFIER = "cmtelematics.com.ddnd-watch-appUITests";
				PRODUCT_NAME = "$(TARGET_NAME)";
				SDKROOT = iphoneos;
				SWIFT_EMIT_LOC_STRINGS = NO;
				SWIFT_VERSION = 5.0;
				TARGETED_DEVICE_FAMILY = "1,2";
				TEST_TARGET_NAME = "ddnd-watch-app";
			};
			name = Debug;
		};
		848CEFAA2E082FBC00AF1772 /* Release */ = {
			isa = XCBuildConfiguration;
			buildSettings = {
				CODE_SIGN_STYLE = Automatic;
				CURRENT_PROJECT_VERSION = 1;
				DEVELOPMENT_TEAM = 5H69A3H78X;
				GENERATE_INFOPLIST_FILE = YES;
				IPHONEOS_DEPLOYMENT_TARGET = 18.4;
				MARKETING_VERSION = 1.0;
				PRODUCT_BUNDLE_IDENTIFIER = "cmtelematics.com.ddnd-watch-appUITests";
				PRODUCT_NAME = "$(TARGET_NAME)";
				SDKROOT = iphoneos;
				SWIFT_EMIT_LOC_STRINGS = NO;
				SWIFT_VERSION = 5.0;
				TARGETED_DEVICE_FAMILY = "1,2";
				TEST_TARGET_NAME = "ddnd-watch-app";
				VALIDATE_PRODUCT = YES;
			};
			name = Release;
		};
		848CEFAC2E082FBC00AF1772 /* Debug */ = {
			isa = XCBuildConfiguration;
			buildSettings = {
				BUNDLE_LOADER = "$(TEST_HOST)";
				CODE_SIGN_STYLE = Automatic;
				CURRENT_PROJECT_VERSION = 1;
				DEVELOPMENT_TEAM = 5H69A3H78X;
				GENERATE_INFOPLIST_FILE = YES;
				MARKETING_VERSION = 1.0;
				PRODUCT_BUNDLE_IDENTIFIER = "cmtelematics.com.ddnd-watch-app-Watch-AppTests";
				PRODUCT_NAME = "$(TARGET_NAME)";
				SDKROOT = watchos;
				SWIFT_EMIT_LOC_STRINGS = NO;
				SWIFT_VERSION = 5.0;
				TARGETED_DEVICE_FAMILY = 4;
				TEST_HOST = "$(BUILT_PRODUCTS_DIR)/ddnd-watch-app Watch App.app/$(BUNDLE_EXECUTABLE_FOLDER_PATH)/ddnd-watch-app Watch App";
				WATCHOS_DEPLOYMENT_TARGET = 11.4;
			};
			name = Debug;
		};
		848CEFAD2E082FBC00AF1772 /* Release */ = {
			isa = XCBuildConfiguration;
			buildSettings = {
				BUNDLE_LOADER = "$(TEST_HOST)";
				CODE_SIGN_STYLE = Automatic;
				CURRENT_PROJECT_VERSION = 1;
				DEVELOPMENT_TEAM = 5H69A3H78X;
				GENERATE_INFOPLIST_FILE = YES;
				MARKETING_VERSION = 1.0;
				PRODUCT_BUNDLE_IDENTIFIER = "cmtelematics.com.ddnd-watch-app-Watch-AppTests";
				PRODUCT_NAME = "$(TARGET_NAME)";
				SDKROOT = watchos;
				SWIFT_EMIT_LOC_STRINGS = NO;
				SWIFT_VERSION = 5.0;
				TARGETED_DEVICE_FAMILY = 4;
				TEST_HOST = "$(BUILT_PRODUCTS_DIR)/ddnd-watch-app Watch App.app/$(BUNDLE_EXECUTABLE_FOLDER_PATH)/ddnd-watch-app Watch App";
				VALIDATE_PRODUCT = YES;
				WATCHOS_DEPLOYMENT_TARGET = 11.4;
			};
			name = Release;
		};
		848CEFAF2E082FBC00AF1772 /* Debug */ = {
			isa = XCBuildConfiguration;
			buildSettings = {
				CODE_SIGN_STYLE = Automatic;
				CURRENT_PROJECT_VERSION = 1;
				DEVELOPMENT_TEAM = 5H69A3H78X;
				GENERATE_INFOPLIST_FILE = YES;
				MARKETING_VERSION = 1.0;
				PRODUCT_BUNDLE_IDENTIFIER = "cmtelematics.com.ddnd-watch-app-Watch-AppUITests";
				PRODUCT_NAME = "$(TARGET_NAME)";
				SDKROOT = watchos;
				SWIFT_EMIT_LOC_STRINGS = NO;
				SWIFT_VERSION = 5.0;
				TARGETED_DEVICE_FAMILY = 4;
				TEST_TARGET_NAME = "ddnd-watch-app Watch App";
				WATCHOS_DEPLOYMENT_TARGET = 11.4;
			};
			name = Debug;
		};
		848CEFB02E082FBC00AF1772 /* Release */ = {
			isa = XCBuildConfiguration;
			buildSettings = {
				CODE_SIGN_STYLE = Automatic;
				CURRENT_PROJECT_VERSION = 1;
				DEVELOPMENT_TEAM = 5H69A3H78X;
				GENERATE_INFOPLIST_FILE = YES;
				MARKETING_VERSION = 1.0;
				PRODUCT_BUNDLE_IDENTIFIER = "cmtelematics.com.ddnd-watch-app-Watch-AppUITests";
				PRODUCT_NAME = "$(TARGET_NAME)";
				SDKROOT = watchos;
				SWIFT_EMIT_LOC_STRINGS = NO;
				SWIFT_VERSION = 5.0;
				TARGETED_DEVICE_FAMILY = 4;
				TEST_TARGET_NAME = "ddnd-watch-app Watch App";
				VALIDATE_PRODUCT = YES;
				WATCHOS_DEPLOYMENT_TARGET = 11.4;
			};
			name = Release;
		};
/* End XCBuildConfiguration section */

/* Begin XCConfigurationList section */
		848CEF532E082FBA00AF1772 /* Build configuration list for PBXProject "ddnd-watch-app" */ = {
			isa = XCConfigurationList;
			buildConfigurations = (
				848CEF9C2E082FBC00AF1772 /* Debug */,
				848CEF9D2E082FBC00AF1772 /* Release */,
			);
			defaultConfigurationIsVisible = 0;
			defaultConfigurationName = Release;
		};
		848CEF9E2E082FBC00AF1772 /* Build configuration list for PBXNativeTarget "ddnd-watch-app Watch App" */ = {
			isa = XCConfigurationList;
			buildConfigurations = (
				848CEF9F2E082FBC00AF1772 /* Debug */,
				848CEFA02E082FBC00AF1772 /* Release */,
			);
			defaultConfigurationIsVisible = 0;
			defaultConfigurationName = Release;
		};
		848CEFA22E082FBC00AF1772 /* Build configuration list for PBXNativeTarget "ddnd-watch-app" */ = {
			isa = XCConfigurationList;
			buildConfigurations = (
				848CEFA32E082FBC00AF1772 /* Debug */,
				848CEFA42E082FBC00AF1772 /* Release */,
			);
			defaultConfigurationIsVisible = 0;
			defaultConfigurationName = Release;
		};
		848CEFA52E082FBC00AF1772 /* Build configuration list for PBXNativeTarget "ddnd-watch-appTests" */ = {
			isa = XCConfigurationList;
			buildConfigurations = (
				848CEFA62E082FBC00AF1772 /* Debug */,
				848CEFA72E082FBC00AF1772 /* Release */,
			);
			defaultConfigurationIsVisible = 0;
			defaultConfigurationName = Release;
		};
		848CEFA82E082FBC00AF1772 /* Build configuration list for PBXNativeTarget "ddnd-watch-appUITests" */ = {
			isa = XCConfigurationList;
			buildConfigurations = (
				848CEFA92E082FBC00AF1772 /* Debug */,
				848CEFAA2E082FBC00AF1772 /* Release */,
			);
			defaultConfigurationIsVisible = 0;
			defaultConfigurationName = Release;
		};
		848CEFAB2E082FBC00AF1772 /* Build configuration list for PBXNativeTarget "ddnd-watch-app Watch AppTests" */ = {
			isa = XCConfigurationList;
			buildConfigurations = (
				848CEFAC2E082FBC00AF1772 /* Debug */,
				848CEFAD2E082FBC00AF1772 /* Release */,
			);
			defaultConfigurationIsVisible = 0;
			defaultConfigurationName = Release;
		};
		848CEFAE2E082FBC00AF1772 /* Build configuration list for PBXNativeTarget "ddnd-watch-app Watch AppUITests" */ = {
			isa = XCConfigurationList;
			buildConfigurations = (
				848CEFAF2E082FBC00AF1772 /* Debug */,
				848CEFB02E082FBC00AF1772 /* Release */,
			);
			defaultConfigurationIsVisible = 0;
			defaultConfigurationName = Release;
		};
/* End XCConfigurationList section */
	};
	rootObject = 848CEF502E082FBA00AF1772 /* Project object */;
}
